
Microsoft Visual Studio Solution File, Format Version 12.00
# Visual Studio 14
VisualStudioVersion = 14.0.25420.1
MinimumVisualStudioVersion = 10.0.40219.1
Project("{FAE04EC0-301F-11D3-BF4B-00C04F79EFBC}") = "ProjektSpoleczenstwo", "ProjektSpoleczenstwo\ProjektSpoleczenstwo.csproj", "{CFDBB1F4-8509-4585-B1D2-98E752163CE6}"
EndProject
Global
	GlobalSection(SolutionConfigurationPlatforms) = preSolution
		Debug|Any CPU = Debug|Any CPU
		Release|Any CPU = Release|Any CPU
	EndGlobalSection
	GlobalSection(ProjectConfigurationPlatforms) = postSolution
		{CFDBB1F4-8509-4585-B1D2-98E752163CE6}.Debug|Any CPU.ActiveCfg = Debug|Any CPU
		{CFDBB1F4-8509-4585-B1D2-98E752163CE6}.Debug|Any CPU.Build.0 = Debug|Any CPU
		{CFDBB1F4-8509-4585-B1D2-98E752163CE6}.Release|Any CPU.ActiveCfg = Release|Any CPU
		{CFDBB1F4-8509-4585-B1D2-98E752163CE6}.Release|Any CPU.Build.0 = Release|Any CPU
	EndGlobalSection
	GlobalSection(SolutionProperties) = preSolution
		HideSolutionNode = FALSE
	EndGlobalSection
	GlobalSection(ExtensibilityGlobals) = postSolution
		SolutionGuid = {1FC16CA6-4280-4CEB-8438-8048A1E52C46}
	EndGlobalSection
EndGlobal
